
Microsoft Visual Studio Solution File, Format Version 12.00
# Visual Studio 15
VisualStudioVersion = 15.0.28307.271
MinimumVisualStudioVersion = 10.0.40219.1
Project("{9A19103F-16F7-4668-BE54-9A1E7A4F7556}") = "Palindrome", "Palindrome\Palindrome.csproj", "{1C10EAF9-B555-40B5-A7C9-BD1962D49F2C}"
EndProject
Project("{9A19103F-16F7-4668-BE54-9A1E7A4F7556}") = "Palindrome.Tests", "Palindrome.Tests\Palindrome.Tests.csproj", "{2D16B3E3-701D-48A3-9122-59C6F6CF6520}"
EndProject
Project("{9A19103F-16F7-4668-BE54-9A1E7A4F7556}") = "DonutDelight", "DonutDelight\DonutDelight.csproj", "{5F95AD3B-E843-4D94-9B62-BFCAF2246124}"
EndProject
Project("{FAE04EC0-301F-11D3-BF4B-00C04F79EFBC}") = "DonutDelight.Tests", "DonutDelight.Tests\DonutDelight.Tests.csproj", "{72D9F0F2-9C49-41B5-B8B6-7BF8FF61A513}"
EndProject
Global
	GlobalSection(SolutionConfigurationPlatforms) = preSolution
		Debug|Any CPU = Debug|Any CPU
		Release|Any CPU = Release|Any CPU
	EndGlobalSection
	GlobalSection(ProjectConfigurationPlatforms) = postSolution
		{1C10EAF9-B555-40B5-A7C9-BD1962D49F2C}.Debug|Any CPU.ActiveCfg = Debug|Any CPU
		{1C10EAF9-B555-40B5-A7C9-BD1962D49F2C}.Debug|Any CPU.Build.0 = Debug|Any CPU
		{1C10EAF9-B555-40B5-A7C9-BD1962D49F2C}.Release|Any CPU.ActiveCfg = Release|Any CPU
		{1C10EAF9-B555-40B5-A7C9-BD1962D49F2C}.Release|Any CPU.Build.0 = Release|Any CPU
		{2D16B3E3-701D-48A3-9122-59C6F6CF6520}.Debug|Any CPU.ActiveCfg = Debug|Any CPU
		{2D16B3E3-701D-48A3-9122-59C6F6CF6520}.Debug|Any CPU.Build.0 = Debug|Any CPU
		{2D16B3E3-701D-48A3-9122-59C6F6CF6520}.Release|Any CPU.ActiveCfg = Release|Any CPU
		{2D16B3E3-701D-48A3-9122-59C6F6CF6520}.Release|Any CPU.Build.0 = Release|Any CPU
		{5F95AD3B-E843-4D94-9B62-BFCAF2246124}.Debug|Any CPU.ActiveCfg = Debug|Any CPU
		{5F95AD3B-E843-4D94-9B62-BFCAF2246124}.Debug|Any CPU.Build.0 = Debug|Any CPU
		{5F95AD3B-E843-4D94-9B62-BFCAF2246124}.Release|Any CPU.ActiveCfg = Release|Any CPU
		{5F95AD3B-E843-4D94-9B62-BFCAF2246124}.Release|Any CPU.Build.0 = Release|Any CPU
		{72D9F0F2-9C49-41B5-B8B6-7BF8FF61A513}.Debug|Any CPU.ActiveCfg = Debug|Any CPU
		{72D9F0F2-9C49-41B5-B8B6-7BF8FF61A513}.Debug|Any CPU.Build.0 = Debug|Any CPU
		{72D9F0F2-9C49-41B5-B8B6-7BF8FF61A513}.Release|Any CPU.ActiveCfg = Release|Any CPU
		{72D9F0F2-9C49-41B5-B8B6-7BF8FF61A513}.Release|Any CPU.Build.0 = Release|Any CPU
	EndGlobalSection
	GlobalSection(SolutionProperties) = preSolution
		HideSolutionNode = FALSE
	EndGlobalSection
	GlobalSection(ExtensibilityGlobals) = postSolution
		SolutionGuid = {AA236C1A-2F82-4505-BDCF-BFFE6B293A91}
	EndGlobalSection
EndGlobal
